// !$*UTF8*$!
{
	archiveVersion = 1;
	classes = {
	};
	objectVersion = 55;
	objects = {

/* Begin PBXBuildFile section */
		2E431A1B28D59AB2007F97C9 /* ViewController.swift in Sources */ = {isa = PBXBuildFile; fileRef = 5699361928A807BC0091C51F /* ViewController.swift */; };
		561371FE292006CA003BFAD4 /* HomeViewController.swift in Sources */ = {isa = PBXBuildFile; fileRef = 561371FD292006CA003BFAD4 /* HomeViewController.swift */; };
		56137200292006F2003BFAD4 /* MoviesViewController.swift in Sources */ = {isa = PBXBuildFile; fileRef = 561371FF292006F2003BFAD4 /* MoviesViewController.swift */; };
		5613720229200731003BFAD4 /* TabBarViewController.swift in Sources */ = {isa = PBXBuildFile; fileRef = 5613720129200731003BFAD4 /* TabBarViewController.swift */; };
		5613720429200DE4003BFAD4 /* UserViewController.swift in Sources */ = {isa = PBXBuildFile; fileRef = 5613720329200DE3003BFAD4 /* UserViewController.swift */; };
		567E055C28C3B90E0012D078 /* SignInViewController.swift in Sources */ = {isa = PBXBuildFile; fileRef = 567E055B28C3B90E0012D078 /* SignInViewController.swift */; };
		5699361628A807BC0091C51F /* AppDelegate.swift in Sources */ = {isa = PBXBuildFile; fileRef = 5699361528A807BC0091C51F /* AppDelegate.swift */; };
		5699361828A807BC0091C51F /* SceneDelegate.swift in Sources */ = {isa = PBXBuildFile; fileRef = 5699361728A807BC0091C51F /* SceneDelegate.swift */; };
		5699361D28A807BC0091C51F /* Main.storyboard in Resources */ = {isa = PBXBuildFile; fileRef = 5699361B28A807BC0091C51F /* Main.storyboard */; };
		5699361F28A807BD0091C51F /* Assets.xcassets in Resources */ = {isa = PBXBuildFile; fileRef = 5699361E28A807BD0091C51F /* Assets.xcassets */; };
		5699362228A807BD0091C51F /* LaunchScreen.storyboard in Resources */ = {isa = PBXBuildFile; fileRef = 5699362028A807BD0091C51F /* LaunchScreen.storyboard */; };
/* End PBXBuildFile section */

/* Begin PBXFileReference section */
		561371FD292006CA003BFAD4 /* HomeViewController.swift */ = {isa = PBXFileReference; lastKnownFileType = sourcecode.swift; path = HomeViewController.swift; sourceTree = "<group>"; };
		561371FF292006F2003BFAD4 /* MoviesViewController.swift */ = {isa = PBXFileReference; lastKnownFileType = sourcecode.swift; path = MoviesViewController.swift; sourceTree = "<group>"; };
		5613720129200731003BFAD4 /* TabBarViewController.swift */ = {isa = PBXFileReference; lastKnownFileType = sourcecode.swift; path = TabBarViewController.swift; sourceTree = "<group>"; };
		5613720329200DE3003BFAD4 /* UserViewController.swift */ = {isa = PBXFileReference; lastKnownFileType = sourcecode.swift; path = UserViewController.swift; sourceTree = "<group>"; };
		567E055B28C3B90E0012D078 /* SignInViewController.swift */ = {isa = PBXFileReference; lastKnownFileType = sourcecode.swift; path = SignInViewController.swift; sourceTree = "<group>"; };
		5699361228A807BC0091C51F /* OrangeMovies.app */ = {isa = PBXFileReference; explicitFileType = wrapper.application; includeInIndex = 0; path = OrangeMovies.app; sourceTree = BUILT_PRODUCTS_DIR; };
		5699361528A807BC0091C51F /* AppDelegate.swift */ = {isa = PBXFileReference; lastKnownFileType = sourcecode.swift; path = AppDelegate.swift; sourceTree = "<group>"; };
		5699361728A807BC0091C51F /* SceneDelegate.swift */ = {isa = PBXFileReference; lastKnownFileType = sourcecode.swift; path = SceneDelegate.swift; sourceTree = "<group>"; };
		5699361928A807BC0091C51F /* ViewController.swift */ = {isa = PBXFileReference; lastKnownFileType = sourcecode.swift; path = ViewController.swift; sourceTree = "<group>"; };
		5699361C28A807BC0091C51F /* Base */ = {isa = PBXFileReference; lastKnownFileType = file.storyboard; name = Base; path = Base.lproj/Main.storyboard; sourceTree = "<group>"; };
		5699361E28A807BD0091C51F /* Assets.xcassets */ = {isa = PBXFileReference; lastKnownFileType = folder.assetcatalog; path = Assets.xcassets; sourceTree = "<group>"; };
		5699362128A807BD0091C51F /* Base */ = {isa = PBXFileReference; lastKnownFileType = file.storyboard; name = Base; path = Base.lproj/LaunchScreen.storyboard; sourceTree = "<group>"; };
		5699362328A807BD0091C51F /* Info.plist */ = {isa = PBXFileReference; lastKnownFileType = text.plist.xml; path = Info.plist; sourceTree = "<group>"; };
/* End PBXFileReference section */

/* Begin PBXFrameworksBuildPhase section */
		5699360F28A807BC0091C51F /* Frameworks */ = {
			isa = PBXFrameworksBuildPhase;
			buildActionMask = 2147483647;
			files = (
			);
			runOnlyForDeploymentPostprocessing = 0;
		};
/* End PBXFrameworksBuildPhase section */

/* Begin PBXGroup section */
		5699360928A807BC0091C51F = {
			isa = PBXGroup;
			children = (
				5699361428A807BC0091C51F /* OrangeMovies */,
				5699361328A807BC0091C51F /* Products */,
			);
			sourceTree = "<group>";
		};
		5699361328A807BC0091C51F /* Products */ = {
			isa = PBXGroup;
			children = (
				5699361228A807BC0091C51F /* OrangeMovies.app */,
			);
			name = Products;
			sourceTree = "<group>";
		};
		5699361428A807BC0091C51F /* OrangeMovies */ = {
			isa = PBXGroup;
			children = (
				5699361528A807BC0091C51F /* AppDelegate.swift */,
				5699361728A807BC0091C51F /* SceneDelegate.swift */,
				5699361928A807BC0091C51F /* ViewController.swift */,
				5699361B28A807BC0091C51F /* Main.storyboard */,
				5699361E28A807BD0091C51F /* Assets.xcassets */,
				5699362028A807BD0091C51F /* LaunchScreen.storyboard */,
				5699362328A807BD0091C51F /* Info.plist */,
				567E055B28C3B90E0012D078 /* SignInViewController.swift */,
				561371FD292006CA003BFAD4 /* HomeViewController.swift */,
				561371FF292006F2003BFAD4 /* MoviesViewController.swift */,
				5613720129200731003BFAD4 /* TabBarViewController.swift */,
				5613720329200DE3003BFAD4 /* UserViewController.swift */,
			);
			path = OrangeMovies;
			sourceTree = "<group>";
		};
/* End PBXGroup section */

/* Begin PBXNativeTarget section */
		5699361128A807BC0091C51F /* OrangeMovies */ = {
			isa = PBXNativeTarget;
			buildConfigurationList = 5699362628A807BD0091C51F /* Build configuration list for PBXNativeTarget "OrangeMovies" */;
			buildPhases = (
				5699360E28A807BC0091C51F /* Sources */,
				5699360F28A807BC0091C51F /* Frameworks */,
				5699361028A807BC0091C51F /* Resources */,
			);
			buildRules = (
			);
			dependencies = (
			);
			name = OrangeMovies;
			productName = OrangeMovies;
			productReference = 5699361228A807BC0091C51F /* OrangeMovies.app */;
			productType = "com.apple.product-type.application";
		};
/* End PBXNativeTarget section */

/* Begin PBXProject section */
		5699360A28A807BC0091C51F /* Project object */ = {
			isa = PBXProject;
			attributes = {
				BuildIndependentTargetsInParallel = 1;
				LastSwiftUpdateCheck = 1340;
				LastUpgradeCheck = 1340;
				TargetAttributes = {
					5699361128A807BC0091C51F = {
						CreatedOnToolsVersion = 13.4.1;
					};
				};
			};
			buildConfigurationList = 5699360D28A807BC0091C51F /* Build configuration list for PBXProject "OrangeMovies" */;
			compatibilityVersion = "Xcode 13.0";
			developmentRegion = en;
			hasScannedForEncodings = 0;
			knownRegions = (
				en,
				Base,
			);
			mainGroup = 5699360928A807BC0091C51F;
			productRefGroup = 5699361328A807BC0091C51F /* Products */;
			projectDirPath = "";
			projectRoot = "";
			targets = (
				5699361128A807BC0091C51F /* OrangeMovies */,
			);
		};
/* End PBXProject section */

/* Begin PBXResourcesBuildPhase section */
		5699361028A807BC0091C51F /* Resources */ = {
			isa = PBXResourcesBuildPhase;
			buildActionMask = 2147483647;
			files = (
				5699362228A807BD0091C51F /* LaunchScreen.storyboard in Resources */,
				5699361F28A807BD0091C51F /* Assets.xcassets in Resources */,
				5699361D28A807BC0091C51F /* Main.storyboard in Resources */,
			);
			runOnlyForDeploymentPostprocessing = 0;
		};
/* End PBXResourcesBuildPhase section */

/* Begin PBXSourcesBuildPhase section */
		5699360E28A807BC0091C51F /* Sources */ = {
			isa = PBXSourcesBuildPhase;
			buildActionMask = 2147483647;
			files = (
				561371FE292006CA003BFAD4 /* HomeViewController.swift in Sources */,
				5613720429200DE4003BFAD4 /* UserViewController.swift in Sources */,
				567E055C28C3B90E0012D078 /* SignInViewController.swift in Sources */,
				5699361628A807BC0091C51F /* AppDelegate.swift in Sources */,
				2E431A1B28D59AB2007F97C9 /* ViewController.swift in Sources */,
				5613720229200731003BFAD4 /* TabBarViewController.swift in Sources */,
				5699361828A807BC0091C51F /* SceneDelegate.swift in Sources */,
				56137200292006F2003BFAD4 /* MoviesViewController.swift in Sources */,
			);
			runOnlyForDeploymentPostprocessing = 0;
		};
/* End PBXSourcesBuildPhase section */

/* Begin PBXVariantGroup section */
		5699361B28A807BC0091C51F /* Main.storyboard */ = {
			isa = PBXVariantGroup;
			children = (
				5699361C28A807BC0091C51F /* Base */,
			);
			name = Main.storyboard;
			sourceTree = "<group>";
		};
		5699362028A807BD0091C51F /* LaunchScreen.storyboard */ = {
			isa = PBXVariantGroup;
			children = (
				5699362128A807BD0091C51F /* Base */,
			);
			name = LaunchScreen.storyboard;
			sourceTree = "<group>";
		};
/* End PBXVariantGroup section */

/* Begin XCBuildConfiguration section */
		5699362428A807BD0091C51F /* Debug */ = {
			isa = XCBuildConfiguration;
			buildSettings = {
				ALWAYS_SEARCH_USER_PATHS = NO;
				CLANG_ANALYZER_NONNULL = YES;
				CLANG_ANALYZER_NUMBER_OBJECT_CONVERSION = YES_AGGRESSIVE;
				CLANG_CXX_LANGUAGE_STANDARD = "gnu++17";
				CLANG_ENABLE_MODULES = YES;
				CLANG_ENABLE_OBJC_ARC = YES;
				CLANG_ENABLE_OBJC_WEAK = YES;
				CLANG_WARN_BLOCK_CAPTURE_AUTORELEASING = YES;
				CLANG_WARN_BOOL_CONVERSION = YES;
				CLANG_WARN_COMMA = YES;
				CLANG_WARN_CONSTANT_CONVERSION = YES;
				CLANG_WARN_DEPRECATED_OBJC_IMPLEMENTATIONS = YES;
				CLANG_WARN_DIRECT_OBJC_ISA_USAGE = YES_ERROR;
				CLANG_WARN_DOCUMENTATION_COMMENTS = YES;
				CLANG_WARN_EMPTY_BODY = YES;
				CLANG_WARN_ENUM_CONVERSION = YES;
				CLANG_WARN_INFINITE_RECURSION = YES;
				CLANG_WARN_INT_CONVERSION = YES;
				CLANG_WARN_NON_LITERAL_NULL_CONVERSION = YES;
				CLANG_WARN_OBJC_IMPLICIT_RETAIN_SELF = YES;
				CLANG_WARN_OBJC_LITERAL_CONVERSION = YES;
				CLANG_WARN_OBJC_ROOT_CLASS = YES_ERROR;
				CLANG_WARN_QUOTED_INCLUDE_IN_FRAMEWORK_HEADER = YES;
				CLANG_WARN_RANGE_LOOP_ANALYSIS = YES;
				CLANG_WARN_STRICT_PROTOTYPES = YES;
				CLANG_WARN_SUSPICIOUS_MOVE = YES;
				CLANG_WARN_UNGUARDED_AVAILABILITY = YES_AGGRESSIVE;
				CLANG_WARN_UNREACHABLE_CODE = YES;
				CLANG_WARN__DUPLICATE_METHOD_MATCH = YES;
				COPY_PHASE_STRIP = NO;
				DEBUG_INFORMATION_FORMAT = dwarf;
				ENABLE_STRICT_OBJC_MSGSEND = YES;
				ENABLE_TESTABILITY = YES;
				GCC_C_LANGUAGE_STANDARD = gnu11;
				GCC_DYNAMIC_NO_PIC = NO;
				GCC_NO_COMMON_BLOCKS = YES;
				GCC_OPTIMIZATION_LEVEL = 0;
				GCC_PREPROCESSOR_DEFINITIONS = (
					"DEBUG=1",
					"$(inherited)",
				);
				GCC_WARN_64_TO_32_BIT_CONVERSION = YES;
				GCC_WARN_ABOUT_RETURN_TYPE = YES_ERROR;
				GCC_WARN_UNDECLARED_SELECTOR = YES;
				GCC_WARN_UNINITIALIZED_AUTOS = YES_AGGRESSIVE;
				GCC_WARN_UNUSED_FUNCTION = YES;
				GCC_WARN_UNUSED_VARIABLE = YES;
				IPHONEOS_DEPLOYMENT_TARGET = 15.5;
				MTL_ENABLE_DEBUG_INFO = INCLUDE_SOURCE;
				MTL_FAST_MATH = YES;
				ONLY_ACTIVE_ARCH = YES;
				SDKROOT = iphoneos;
				SWIFT_ACTIVE_COMPILATION_CONDITIONS = DEBUG;
				SWIFT_OPTIMIZATION_LEVEL = "-Onone";
			};
			name = Debug;
		};
		5699362528A807BD0091C51F /* Release */ = {
			isa = XCBuildConfiguration;
			buildSettings = {
				ALWAYS_SEARCH_USER_PATHS = NO;
				CLANG_ANALYZER_NONNULL = YES;
				CLANG_ANALYZER_NUMBER_OBJECT_CONVERSION = YES_AGGRESSIVE;
				CLANG_CXX_LANGUAGE_STANDARD = "gnu++17";
				CLANG_ENABLE_MODULES = YES;
				CLANG_ENABLE_OBJC_ARC = YES;
				CLANG_ENABLE_OBJC_WEAK = YES;
				CLANG_WARN_BLOCK_CAPTURE_AUTORELEASING = YES;
				CLANG_WARN_BOOL_CONVERSION = YES;
				CLANG_WARN_COMMA = YES;
				CLANG_WARN_CONSTANT_CONVERSION = YES;
				CLANG_WARN_DEPRECATED_OBJC_IMPLEMENTATIONS = YES;
				CLANG_WARN_DIRECT_OBJC_ISA_USAGE = YES_ERROR;
				CLANG_WARN_DOCUMENTATION_COMMENTS = YES;
				CLANG_WARN_EMPTY_BODY = YES;
				CLANG_WARN_ENUM_CONVERSION = YES;
				CLANG_WARN_INFINITE_RECURSION = YES;
				CLANG_WARN_INT_CONVERSION = YES;
				CLANG_WARN_NON_LITERAL_NULL_CONVERSION = YES;
				CLANG_WARN_OBJC_IMPLICIT_RETAIN_SELF = YES;
				CLANG_WARN_OBJC_LITERAL_CONVERSION = YES;
				CLANG_WARN_OBJC_ROOT_CLASS = YES_ERROR;
				CLANG_WARN_QUOTED_INCLUDE_IN_FRAMEWORK_HEADER = YES;
				CLANG_WARN_RANGE_LOOP_ANALYSIS = YES;
				CLANG_WARN_STRICT_PROTOTYPES = YES;
				CLANG_WARN_SUSPICIOUS_MOVE = YES;
				CLANG_WARN_UNGUARDED_AVAILABILITY = YES_AGGRESSIVE;
				CLANG_WARN_UNREACHABLE_CODE = YES;
				CLANG_WARN__DUPLICATE_METHOD_MATCH = YES;
				COPY_PHASE_STRIP = NO;
				DEBUG_INFORMATION_FORMAT = "dwarf-with-dsym";
				ENABLE_NS_ASSERTIONS = NO;
				ENABLE_STRICT_OBJC_MSGSEND = YES;
				GCC_C_LANGUAGE_STANDARD = gnu11;
				GCC_NO_COMMON_BLOCKS = YES;
				GCC_WARN_64_TO_32_BIT_CONVERSION = YES;
				GCC_WARN_ABOUT_RETURN_TYPE = YES_ERROR;
				GCC_WARN_UNDECLARED_SELECTOR = YES;
				GCC_WARN_UNINITIALIZED_AUTOS = YES_AGGRESSIVE;
				GCC_WARN_UNUSED_FUNCTION = YES;
				GCC_WARN_UNUSED_VARIABLE = YES;
				IPHONEOS_DEPLOYMENT_TARGET = 15.5;
				MTL_ENABLE_DEBUG_INFO = NO;
				MTL_FAST_MATH = YES;
				SDKROOT = iphoneos;
				SWIFT_COMPILATION_MODE = wholemodule;
				SWIFT_OPTIMIZATION_LEVEL = "-O";
				VALIDATE_PRODUCT = YES;
			};
			name = Release;
		};
		5699362728A807BD0091C51F /* Debug */ = {
			isa = XCBuildConfiguration;
			buildSettings = {
				ASSETCATALOG_COMPILER_APPICON_NAME = AppIcon;
				ASSETCATALOG_COMPILER_GLOBAL_ACCENT_COLOR_NAME = AccentColor;
				CODE_SIGN_STYLE = Automatic;
				CURRENT_PROJECT_VERSION = 1;
				DEVELOPMENT_TEAM = 4DZW79N875;
				GENERATE_INFOPLIST_FILE = YES;
				INFOPLIST_FILE = OrangeMovies/Info.plist;
				INFOPLIST_KEY_UIApplicationSupportsIndirectInputEvents = YES;
				INFOPLIST_KEY_UILaunchStoryboardName = LaunchScreen;
				INFOPLIST_KEY_UIMainStoryboardFile = Main;
				INFOPLIST_KEY_UISupportedInterfaceOrientations_iPad = "UIInterfaceOrientationPortrait UIInterfaceOrientationPortraitUpsideDown UIInterfaceOrientationLandscapeLeft UIInterfaceOrientationLandscapeRight";
				INFOPLIST_KEY_UISupportedInterfaceOrientations_iPhone = "UIInterfaceOrientationPortrait UIInterfaceOrientationLandscapeLeft UIInterfaceOrientationLandscapeRight";
				LD_RUNPATH_SEARCH_PATHS = (
					"$(inherited)",
					"@executable_path/Frameworks",
				);
				MARKETING_VERSION = 1.0;
				PRODUCT_BUNDLE_IDENTIFIER = com.gis.OrangeMovies;
				PRODUCT_NAME = "$(TARGET_NAME)";
				SWIFT_EMIT_LOC_STRINGS = YES;
				SWIFT_VERSION = 5.0;
				TARGETED_DEVICE_FAMILY = "1,2";
			};
			name = Debug;
		};
		5699362828A807BD0091C51F /* Release */ = {
			isa = XCBuildConfiguration;
			buildSettings = {
				ASSETCATALOG_COMPILER_APPICON_NAME = AppIcon;
				ASSETCATALOG_COMPILER_GLOBAL_ACCENT_COLOR_NAME = AccentColor;
				CODE_SIGN_STYLE = Automatic;
				CURRENT_PROJECT_VERSION = 1;
				DEVELOPMENT_TEAM = 4DZW79N875;
				GENERATE_INFOPLIST_FILE = YES;
				INFOPLIST_FILE = OrangeMovies/Info.plist;
				INFOPLIST_KEY_UIApplicationSupportsIndirectInputEvents = YES;
				INFOPLIST_KEY_UILaunchStoryboardName = LaunchScreen;
				INFOPLIST_KEY_UIMainStoryboardFile = Main;
				INFOPLIST_KEY_UISupportedInterfaceOrientations_iPad = "UIInterfaceOrientationPortrait UIInterfaceOrientationPortraitUpsideDown UIInterfaceOrientationLandscapeLeft UIInterfaceOrientationLandscapeRight";
				INFOPLIST_KEY_UISupportedInterfaceOrientations_iPhone = "UIInterfaceOrientationPortrait UIInterfaceOrientationLandscapeLeft UIInterfaceOrientationLandscapeRight";
				LD_RUNPATH_SEARCH_PATHS = (
					"$(inherited)",
					"@executable_path/Frameworks",
				);
				MARKETING_VERSION = 1.0;
				PRODUCT_BUNDLE_IDENTIFIER = com.gis.OrangeMovies;
				PRODUCT_NAME = "$(TARGET_NAME)";
				SWIFT_EMIT_LOC_STRINGS = YES;
				SWIFT_VERSION = 5.0;
				TARGETED_DEVICE_FAMILY = "1,2";
			};
			name = Release;
		};
/* End XCBuildConfiguration section */

/* Begin XCConfigurationList section */
		5699360D28A807BC0091C51F /* Build configuration list for PBXProject "OrangeMovies" */ = {
			isa = XCConfigurationList;
			buildConfigurations = (
				5699362428A807BD0091C51F /* Debug */,
				5699362528A807BD0091C51F /* Release */,
			);
			defaultConfigurationIsVisible = 0;
			defaultConfigurationName = Release;
		};
		5699362628A807BD0091C51F /* Build configuration list for PBXNativeTarget "OrangeMovies" */ = {
			isa = XCConfigurationList;
			buildConfigurations = (
				5699362728A807BD0091C51F /* Debug */,
				5699362828A807BD0091C51F /* Release */,
			);
			defaultConfigurationIsVisible = 0;
			defaultConfigurationName = Release;
		};
/* End XCConfigurationList section */
	};
	rootObject = 5699360A28A807BC0091C51F /* Project object */;
}
